
Microsoft Visual Studio Solution File, Format Version 12.00
# Visual Studio Version 16
VisualStudioVersion = 16.0.30320.27
MinimumVisualStudioVersion = 10.0.40219.1
Project("{FAE04EC0-301F-11D3-BF4B-00C04F79EFBC}") = "Comparison", "Comparison\Comparison.csproj", "{602E6EC5-70B9-4F5F-B1B6-9C07DA56E53A}"
EndProject
Global
	GlobalSection(SolutionConfigurationPlatforms) = preSolution
		Debug|Any CPU = Debug|Any CPU
		Release|Any CPU = Release|Any CPU
	EndGlobalSection
	GlobalSection(ProjectConfigurationPlatforms) = postSolution
		{602E6EC5-70B9-4F5F-B1B6-9C07DA56E53A}.Debug|Any CPU.ActiveCfg = Debug|Any CPU
		{602E6EC5-70B9-4F5F-B1B6-9C07DA56E53A}.Debug|Any CPU.Build.0 = Debug|Any CPU
		{602E6EC5-70B9-4F5F-B1B6-9C07DA56E53A}.Release|Any CPU.ActiveCfg = Release|Any CPU
		{602E6EC5-70B9-4F5F-B1B6-9C07DA56E53A}.Release|Any CPU.Build.0 = Release|Any CPU
	EndGlobalSection
	GlobalSection(SolutionProperties) = preSolution
		HideSolutionNode = FALSE
	EndGlobalSection
	GlobalSection(ExtensibilityGlobals) = postSolution
		SolutionGuid = {69D96CD6-E93B-458C-B2ED-0F56B4015FC8}
	EndGlobalSection
EndGlobal
